
Microsoft Visual Studio Solution File, Format Version 12.00
# Visual Studio Version 16
VisualStudioVersion = 16.0.30413.136
MinimumVisualStudioVersion = 10.0.40219.1
Project("{FAE04EC0-301F-11D3-BF4B-00C04F79EFBC}") = "TestDebug", "TestDebug\TestDebug.csproj", "{64480BB1-8A48-4157-AE88-D06BAF7C50FC}"
EndProject
Project("{9A19103F-16F7-4668-BE54-9A1E7A4F7556}") = "PolySerializer", "PolySerializer\PolySerializer.csproj", "{0BE60CCF-E733-4E0F-B028-C95ABAF7E958}"
EndProject
Project("{9A19103F-16F7-4668-BE54-9A1E7A4F7556}") = "PolySerializer-Attributes", "PolySerializer-Attributes\PolySerializer-Attributes.csproj", "{0EE126EC-FBE7-47F5-8706-1FE6950956E2}"
EndProject
Project("{9A19103F-16F7-4668-BE54-9A1E7A4F7556}") = "Test-PolySerializer", "Test-PolySerializer\Test-PolySerializer.csproj", "{19A4D62D-7B14-452F-AB06-6E233D7BE17E}"
EndProject
Global
	GlobalSection(SolutionConfigurationPlatforms) = preSolution
		Debug|x64 = Debug|x64
		Release|x64 = Release|x64
		Travis|x64 = Travis|x64
	EndGlobalSection
	GlobalSection(ProjectConfigurationPlatforms) = postSolution
		{64480BB1-8A48-4157-AE88-D06BAF7C50FC}.Debug|x64.ActiveCfg = Debug|x64
		{64480BB1-8A48-4157-AE88-D06BAF7C50FC}.Debug|x64.Build.0 = Debug|x64
		{64480BB1-8A48-4157-AE88-D06BAF7C50FC}.Release|x64.ActiveCfg = Release|x64
		{64480BB1-8A48-4157-AE88-D06BAF7C50FC}.Travis|x64.ActiveCfg = Release|x64
		{0BE60CCF-E733-4E0F-B028-C95ABAF7E958}.Debug|x64.ActiveCfg = Debug|x64
		{0BE60CCF-E733-4E0F-B028-C95ABAF7E958}.Debug|x64.Build.0 = Debug|x64
		{0BE60CCF-E733-4E0F-B028-C95ABAF7E958}.Release|x64.ActiveCfg = Release|x64
		{0BE60CCF-E733-4E0F-B028-C95ABAF7E958}.Release|x64.Build.0 = Release|x64
		{0BE60CCF-E733-4E0F-B028-C95ABAF7E958}.Travis|x64.ActiveCfg = Travis|x64
		{0BE60CCF-E733-4E0F-B028-C95ABAF7E958}.Travis|x64.Build.0 = Travis|x64
		{0EE126EC-FBE7-47F5-8706-1FE6950956E2}.Debug|x64.ActiveCfg = Debug|x64
		{0EE126EC-FBE7-47F5-8706-1FE6950956E2}.Debug|x64.Build.0 = Debug|x64
		{0EE126EC-FBE7-47F5-8706-1FE6950956E2}.Release|x64.ActiveCfg = Release|x64
		{0EE126EC-FBE7-47F5-8706-1FE6950956E2}.Release|x64.Build.0 = Release|x64
		{0EE126EC-FBE7-47F5-8706-1FE6950956E2}.Travis|x64.ActiveCfg = Travis|x64
		{0EE126EC-FBE7-47F5-8706-1FE6950956E2}.Travis|x64.Build.0 = Travis|x64
		{19A4D62D-7B14-452F-AB06-6E233D7BE17E}.Debug|x64.ActiveCfg = Debug|x64
		{19A4D62D-7B14-452F-AB06-6E233D7BE17E}.Debug|x64.Build.0 = Debug|x64
		{19A4D62D-7B14-452F-AB06-6E233D7BE17E}.Release|x64.ActiveCfg = Release|x64
		{19A4D62D-7B14-452F-AB06-6E233D7BE17E}.Release|x64.Build.0 = Release|x64
		{19A4D62D-7B14-452F-AB06-6E233D7BE17E}.Travis|x64.ActiveCfg = Travis|x64
		{19A4D62D-7B14-452F-AB06-6E233D7BE17E}.Travis|x64.Build.0 = Travis|x64
	EndGlobalSection
	GlobalSection(SolutionProperties) = preSolution
		HideSolutionNode = FALSE
	EndGlobalSection
	GlobalSection(ExtensibilityGlobals) = postSolution
		SolutionGuid = {DE37231D-4F24-4E90-BD10-785B6CD9A179}
	EndGlobalSection
EndGlobal
